// !$*UTF8*$!
{
	archiveVersion = 1;
	classes = {
	};
	objectVersion = 50;
	objects = {

/* Begin PBXBuildFile section */
		CCAE1CE326A76ABE00A5084F /* AppDelegate.swift in Sources */ = {isa = PBXBuildFile; fileRef = CCAE1CE226A76ABE00A5084F /* AppDelegate.swift */; };
		CCAE1CE526A76ABE00A5084F /* SceneDelegate.swift in Sources */ = {isa = PBXBuildFile; fileRef = CCAE1CE426A76ABE00A5084F /* SceneDelegate.swift */; };
		CCAE1CE726A76ABE00A5084F /* ViewController.swift in Sources */ = {isa = PBXBuildFile; fileRef = CCAE1CE626A76ABE00A5084F /* ViewController.swift */; };
		CCAE1CEA26A76ABE00A5084F /* Main.storyboard in Resources */ = {isa = PBXBuildFile; fileRef = CCAE1CE826A76ABE00A5084F /* Main.storyboard */; };
		CCAE1CED26A76ABE00A5084F /* finalProject.xcdatamodeld in Sources */ = {isa = PBXBuildFile; fileRef = CCAE1CEB26A76ABE00A5084F /* finalProject.xcdatamodeld */; };
		CCAE1CEF26A76AC500A5084F /* Assets.xcassets in Resources */ = {isa = PBXBuildFile; fileRef = CCAE1CEE26A76AC500A5084F /* Assets.xcassets */; };
		CCAE1CF226A76AC500A5084F /* LaunchScreen.storyboard in Resources */ = {isa = PBXBuildFile; fileRef = CCAE1CF026A76AC500A5084F /* LaunchScreen.storyboard */; };
		CCAE1CFD26A76AC500A5084F /* finalProjectTests.swift in Sources */ = {isa = PBXBuildFile; fileRef = CCAE1CFC26A76AC500A5084F /* finalProjectTests.swift */; };
		CCAE1D0826A76AC500A5084F /* finalProjectUITests.swift in Sources */ = {isa = PBXBuildFile; fileRef = CCAE1D0726A76AC500A5084F /* finalProjectUITests.swift */; };
/* End PBXBuildFile section */

/* Begin PBXContainerItemProxy section */
		CCAE1CF926A76AC500A5084F /* PBXContainerItemProxy */ = {
			isa = PBXContainerItemProxy;
			containerPortal = CCAE1CD726A76ABE00A5084F /* Project object */;
			proxyType = 1;
			remoteGlobalIDString = CCAE1CDE26A76ABE00A5084F;
			remoteInfo = finalProject;
		};
		CCAE1D0426A76AC500A5084F /* PBXContainerItemProxy */ = {
			isa = PBXContainerItemProxy;
			containerPortal = CCAE1CD726A76ABE00A5084F /* Project object */;
			proxyType = 1;
			remoteGlobalIDString = CCAE1CDE26A76ABE00A5084F;
			remoteInfo = finalProject;
		};
/* End PBXContainerItemProxy section */

/* Begin PBXFileReference section */
		CCAE1CDF26A76ABE00A5084F /* finalProject.app */ = {isa = PBXFileReference; explicitFileType = wrapper.application; includeInIndex = 0; path = finalProject.app; sourceTree = BUILT_PRODUCTS_DIR; };
		CCAE1CE226A76ABE00A5084F /* AppDelegate.swift */ = {isa = PBXFileReference; lastKnownFileType = sourcecode.swift; path = AppDelegate.swift; sourceTree = "<group>"; };
		CCAE1CE426A76ABE00A5084F /* SceneDelegate.swift */ = {isa = PBXFileReference; lastKnownFileType = sourcecode.swift; path = SceneDelegate.swift; sourceTree = "<group>"; };
		CCAE1CE626A76ABE00A5084F /* ViewController.swift */ = {isa = PBXFileReference; lastKnownFileType = sourcecode.swift; path = ViewController.swift; sourceTree = "<group>"; };
		CCAE1CE926A76ABE00A5084F /* Base */ = {isa = PBXFileReference; lastKnownFileType = file.storyboard; name = Base; path = Base.lproj/Main.storyboard; sourceTree = "<group>"; };
		CCAE1CEC26A76ABE00A5084F /* finalProject.xcdatamodel */ = {isa = PBXFileReference; lastKnownFileType = wrapper.xcdatamodel; path = finalProject.xcdatamodel; sourceTree = "<group>"; };
		CCAE1CEE26A76AC500A5084F /* Assets.xcassets */ = {isa = PBXFileReference; lastKnownFileType = folder.assetcatalog; path = Assets.xcassets; sourceTree = "<group>"; };
		CCAE1CF126A76AC500A5084F /* Base */ = {isa = PBXFileReference; lastKnownFileType = file.storyboard; name = Base; path = Base.lproj/LaunchScreen.storyboard; sourceTree = "<group>"; };
		CCAE1CF326A76AC500A5084F /* Info.plist */ = {isa = PBXFileReference; lastKnownFileType = text.plist.xml; path = Info.plist; sourceTree = "<group>"; };
		CCAE1CF826A76AC500A5084F /* finalProjectTests.xctest */ = {isa = PBXFileReference; explicitFileType = wrapper.cfbundle; includeInIndex = 0; path = finalProjectTests.xctest; sourceTree = BUILT_PRODUCTS_DIR; };
		CCAE1CFC26A76AC500A5084F /* finalProjectTests.swift */ = {isa = PBXFileReference; lastKnownFileType = sourcecode.swift; path = finalProjectTests.swift; sourceTree = "<group>"; };
		CCAE1CFE26A76AC500A5084F /* Info.plist */ = {isa = PBXFileReference; lastKnownFileType = text.plist.xml; path = Info.plist; sourceTree = "<group>"; };
		CCAE1D0326A76AC500A5084F /* finalProjectUITests.xctest */ = {isa = PBXFileReference; explicitFileType = wrapper.cfbundle; includeInIndex = 0; path = finalProjectUITests.xctest; sourceTree = BUILT_PRODUCTS_DIR; };
		CCAE1D0726A76AC500A5084F /* finalProjectUITests.swift */ = {isa = PBXFileReference; lastKnownFileType = sourcecode.swift; path = finalProjectUITests.swift; sourceTree = "<group>"; };
		CCAE1D0926A76AC600A5084F /* Info.plist */ = {isa = PBXFileReference; lastKnownFileType = text.plist.xml; path = Info.plist; sourceTree = "<group>"; };
/* End PBXFileReference section */

/* Begin PBXFrameworksBuildPhase section */
		CCAE1CDC26A76ABE00A5084F /* Frameworks */ = {
			isa = PBXFrameworksBuildPhase;
			buildActionMask = 2147483647;
			files = (
			);
			runOnlyForDeploymentPostprocessing = 0;
		};
		CCAE1CF526A76AC500A5084F /* Frameworks */ = {
			isa = PBXFrameworksBuildPhase;
			buildActionMask = 2147483647;
			files = (
			);
			runOnlyForDeploymentPostprocessing = 0;
		};
		CCAE1D0026A76AC500A5084F /* Frameworks */ = {
			isa = PBXFrameworksBuildPhase;
			buildActionMask = 2147483647;
			files = (
			);
			runOnlyForDeploymentPostprocessing = 0;
		};
/* End PBXFrameworksBuildPhase section */

/* Begin PBXGroup section */
		CCAE1CD626A76ABE00A5084F = {
			isa = PBXGroup;
			children = (
				CCAE1CE126A76ABE00A5084F /* finalProject */,
				CCAE1CFB26A76AC500A5084F /* finalProjectTests */,
				CCAE1D0626A76AC500A5084F /* finalProjectUITests */,
				CCAE1CE026A76ABE00A5084F /* Products */,
			);
			sourceTree = "<group>";
		};
		CCAE1CE026A76ABE00A5084F /* Products */ = {
			isa = PBXGroup;
			children = (
				CCAE1CDF26A76ABE00A5084F /* finalProject.app */,
				CCAE1CF826A76AC500A5084F /* finalProjectTests.xctest */,
				CCAE1D0326A76AC500A5084F /* finalProjectUITests.xctest */,
			);
			name = Products;
			sourceTree = "<group>";
		};
		CCAE1CE126A76ABE00A5084F /* finalProject */ = {
			isa = PBXGroup;
			children = (
				CCAE1CE226A76ABE00A5084F /* AppDelegate.swift */,
				CCAE1CE426A76ABE00A5084F /* SceneDelegate.swift */,
				CCAE1CE626A76ABE00A5084F /* ViewController.swift */,
				CCAE1CE826A76ABE00A5084F /* Main.storyboard */,
				CCAE1CEE26A76AC500A5084F /* Assets.xcassets */,
				CCAE1CF026A76AC500A5084F /* LaunchScreen.storyboard */,
				CCAE1CF326A76AC500A5084F /* Info.plist */,
				CCAE1CEB26A76ABE00A5084F /* finalProject.xcdatamodeld */,
			);
			path = finalProject;
			sourceTree = "<group>";
		};
		CCAE1CFB26A76AC500A5084F /* finalProjectTests */ = {
			isa = PBXGroup;
			children = (
				CCAE1CFC26A76AC500A5084F /* finalProjectTests.swift */,
				CCAE1CFE26A76AC500A5084F /* Info.plist */,
			);
			path = finalProjectTests;
			sourceTree = "<group>";
		};
		CCAE1D0626A76AC500A5084F /* finalProjectUITests */ = {
			isa = PBXGroup;
			children = (
				CCAE1D0726A76AC500A5084F /* finalProjectUITests.swift */,
				CCAE1D0926A76AC600A5084F /* Info.plist */,
			);
			path = finalProjectUITests;
			sourceTree = "<group>";
		};
/* End PBXGroup section */

/* Begin PBXNativeTarget section */
		CCAE1CDE26A76ABE00A5084F /* finalProject */ = {
			isa = PBXNativeTarget;
			buildConfigurationList = CCAE1D0C26A76AC600A5084F /* Build configuration list for PBXNativeTarget "finalProject" */;
			buildPhases = (
				CCAE1CDB26A76ABE00A5084F /* Sources */,
				CCAE1CDC26A76ABE00A5084F /* Frameworks */,
				CCAE1CDD26A76ABE00A5084F /* Resources */,
			);
			buildRules = (
			);
			dependencies = (
			);
			name = finalProject;
			productName = finalProject;
			productReference = CCAE1CDF26A76ABE00A5084F /* finalProject.app */;
			productType = "com.apple.product-type.application";
		};
		CCAE1CF726A76AC500A5084F /* finalProjectTests */ = {
			isa = PBXNativeTarget;
			buildConfigurationList = CCAE1D0F26A76AC600A5084F /* Build configuration list for PBXNativeTarget "finalProjectTests" */;
			buildPhases = (
				CCAE1CF426A76AC500A5084F /* Sources */,
				CCAE1CF526A76AC500A5084F /* Frameworks */,
				CCAE1CF626A76AC500A5084F /* Resources */,
			);
			buildRules = (
			);
			dependencies = (
				CCAE1CFA26A76AC500A5084F /* PBXTargetDependency */,
			);
			name = finalProjectTests;
			productName = finalProjectTests;
			productReference = CCAE1CF826A76AC500A5084F /* finalProjectTests.xctest */;
			productType = "com.apple.product-type.bundle.unit-test";
		};
		CCAE1D0226A76AC500A5084F /* finalProjectUITests */ = {
			isa = PBXNativeTarget;
			buildConfigurationList = CCAE1D1226A76AC600A5084F /* Build configuration list for PBXNativeTarget "finalProjectUITests" */;
			buildPhases = (
				CCAE1CFF26A76AC500A5084F /* Sources */,
				CCAE1D0026A76AC500A5084F /* Frameworks */,
				CCAE1D0126A76AC500A5084F /* Resources */,
			);
			buildRules = (
			);
			dependencies = (
				CCAE1D0526A76AC500A5084F /* PBXTargetDependency */,
			);
			name = finalProjectUITests;
			productName = finalProjectUITests;
			productReference = CCAE1D0326A76AC500A5084F /* finalProjectUITests.xctest */;
			productType = "com.apple.product-type.bundle.ui-testing";
		};
/* End PBXNativeTarget section */

/* Begin PBXProject section */
		CCAE1CD726A76ABE00A5084F /* Project object */ = {
			isa = PBXProject;
			attributes = {
				LastSwiftUpdateCheck = 1250;
				LastUpgradeCheck = 1250;
				TargetAttributes = {
					CCAE1CDE26A76ABE00A5084F = {
						CreatedOnToolsVersion = 12.5.1;
					};
					CCAE1CF726A76AC500A5084F = {
						CreatedOnToolsVersion = 12.5.1;
						TestTargetID = CCAE1CDE26A76ABE00A5084F;
					};
					CCAE1D0226A76AC500A5084F = {
						CreatedOnToolsVersion = 12.5.1;
						TestTargetID = CCAE1CDE26A76ABE00A5084F;
					};
				};
			};
			buildConfigurationList = CCAE1CDA26A76ABE00A5084F /* Build configuration list for PBXProject "finalProject" */;
			compatibilityVersion = "Xcode 9.3";
			developmentRegion = en;
			hasScannedForEncodings = 0;
			knownRegions = (
				en,
				Base,
			);
			mainGroup = CCAE1CD626A76ABE00A5084F;
			productRefGroup = CCAE1CE026A76ABE00A5084F /* Products */;
			projectDirPath = "";
			projectRoot = "";
			targets = (
				CCAE1CDE26A76ABE00A5084F /* finalProject */,
				CCAE1CF726A76AC500A5084F /* finalProjectTests */,
				CCAE1D0226A76AC500A5084F /* finalProjectUITests */,
			);
		};
/* End PBXProject section */

/* Begin PBXResourcesBuildPhase section */
		CCAE1CDD26A76ABE00A5084F /* Resources */ = {
			isa = PBXResourcesBuildPhase;
			buildActionMask = 2147483647;
			files = (
				CCAE1CF226A76AC500A5084F /* LaunchScreen.storyboard in Resources */,
				CCAE1CEF26A76AC500A5084F /* Assets.xcassets in Resources */,
				CCAE1CEA26A76ABE00A5084F /* Main.storyboard in Resources */,
			);
			runOnlyForDeploymentPostprocessing = 0;
		};
		CCAE1CF626A76AC500A5084F /* Resources */ = {
			isa = PBXResourcesBuildPhase;
			buildActionMask = 2147483647;
			files = (
			);
			runOnlyForDeploymentPostprocessing = 0;
		};
		CCAE1D0126A76AC500A5084F /* Resources */ = {
			isa = PBXResourcesBuildPhase;
			buildActionMask = 2147483647;
			files = (
			);
			runOnlyForDeploymentPostprocessing = 0;
		};
/* End PBXResourcesBuildPhase section */

/* Begin PBXSourcesBuildPhase section */
		CCAE1CDB26A76ABE00A5084F /* Sources */ = {
			isa = PBXSourcesBuildPhase;
			buildActionMask = 2147483647;
			files = (
				CCAE1CE726A76ABE00A5084F /* ViewController.swift in Sources */,
				CCAE1CE326A76ABE00A5084F /* AppDelegate.swift in Sources */,
				CCAE1CED26A76ABE00A5084F /* finalProject.xcdatamodeld in Sources */,
				CCAE1CE526A76ABE00A5084F /* SceneDelegate.swift in Sources */,
			);
			runOnlyForDeploymentPostprocessing = 0;
		};
		CCAE1CF426A76AC500A5084F /* Sources */ = {
			isa = PBXSourcesBuildPhase;
			buildActionMask = 2147483647;
			files = (
				CCAE1CFD26A76AC500A5084F /* finalProjectTests.swift in Sources */,
			);
			runOnlyForDeploymentPostprocessing = 0;
		};
		CCAE1CFF26A76AC500A5084F /* Sources */ = {
			isa = PBXSourcesBuildPhase;
			buildActionMask = 2147483647;
			files = (
				CCAE1D0826A76AC500A5084F /* finalProjectUITests.swift in Sources */,
			);
			runOnlyForDeploymentPostprocessing = 0;
		};
/* End PBXSourcesBuildPhase section */

/* Begin PBXTargetDependency section */
		CCAE1CFA26A76AC500A5084F /* PBXTargetDependency */ = {
			isa = PBXTargetDependency;
			target = CCAE1CDE26A76ABE00A5084F /* finalProject */;
			targetProxy = CCAE1CF926A76AC500A5084F /* PBXContainerItemProxy */;
		};
		CCAE1D0526A76AC500A5084F /* PBXTargetDependency */ = {
			isa = PBXTargetDependency;
			target = CCAE1CDE26A76ABE00A5084F /* finalProject */;
			targetProxy = CCAE1D0426A76AC500A5084F /* PBXContainerItemProxy */;
		};
/* End PBXTargetDependency section */

/* Begin PBXVariantGroup section */
		CCAE1CE826A76ABE00A5084F /* Main.storyboard */ = {
			isa = PBXVariantGroup;
			children = (
				CCAE1CE926A76ABE00A5084F /* Base */,
			);
			name = Main.storyboard;
			sourceTree = "<group>";
		};
		CCAE1CF026A76AC500A5084F /* LaunchScreen.storyboard */ = {
			isa = PBXVariantGroup;
			children = (
				CCAE1CF126A76AC500A5084F /* Base */,
			);
			name = LaunchScreen.storyboard;
			sourceTree = "<group>";
		};
/* End PBXVariantGroup section */

/* Begin XCBuildConfiguration section */
		CCAE1D0A26A76AC600A5084F /* Debug */ = {
			isa = XCBuildConfiguration;
			buildSettings = {
				ALWAYS_SEARCH_USER_PATHS = NO;
				CLANG_ANALYZER_NONNULL = YES;
				CLANG_ANALYZER_NUMBER_OBJECT_CONVERSION = YES_AGGRESSIVE;
				CLANG_CXX_LANGUAGE_STANDARD = "gnu++14";
				CLANG_CXX_LIBRARY = "libc++";
				CLANG_ENABLE_MODULES = YES;
				CLANG_ENABLE_OBJC_ARC = YES;
				CLANG_ENABLE_OBJC_WEAK = YES;
				CLANG_WARN_BLOCK_CAPTURE_AUTORELEASING = YES;
				CLANG_WARN_BOOL_CONVERSION = YES;
				CLANG_WARN_COMMA = YES;
				CLANG_WARN_CONSTANT_CONVERSION = YES;
				CLANG_WARN_DEPRECATED_OBJC_IMPLEMENTATIONS = YES;
				CLANG_WARN_DIRECT_OBJC_ISA_USAGE = YES_ERROR;
				CLANG_WARN_DOCUMENTATION_COMMENTS = YES;
				CLANG_WARN_EMPTY_BODY = YES;
				CLANG_WARN_ENUM_CONVERSION = YES;
				CLANG_WARN_INFINITE_RECURSION = YES;
				CLANG_WARN_INT_CONVERSION = YES;
				CLANG_WARN_NON_LITERAL_NULL_CONVERSION = YES;
				CLANG_WARN_OBJC_IMPLICIT_RETAIN_SELF = YES;
				CLANG_WARN_OBJC_LITERAL_CONVERSION = YES;
				CLANG_WARN_OBJC_ROOT_CLASS = YES_ERROR;
				CLANG_WARN_QUOTED_INCLUDE_IN_FRAMEWORK_HEADER = YES;
				CLANG_WARN_RANGE_LOOP_ANALYSIS = YES;
				CLANG_WARN_STRICT_PROTOTYPES = YES;
				CLANG_WARN_SUSPICIOUS_MOVE = YES;
				CLANG_WARN_UNGUARDED_AVAILABILITY = YES_AGGRESSIVE;
				CLANG_WARN_UNREACHABLE_CODE = YES;
				CLANG_WARN__DUPLICATE_METHOD_MATCH = YES;
				COPY_PHASE_STRIP = NO;
				DEBUG_INFORMATION_FORMAT = dwarf;
				ENABLE_STRICT_OBJC_MSGSEND = YES;
				ENABLE_TESTABILITY = YES;
				GCC_C_LANGUAGE_STANDARD = gnu11;
				GCC_DYNAMIC_NO_PIC = NO;
				GCC_NO_COMMON_BLOCKS = YES;
				GCC_OPTIMIZATION_LEVEL = 0;
				GCC_PREPROCESSOR_DEFINITIONS = (
					"DEBUG=1",
					"$(inherited)",
				);
				GCC_WARN_64_TO_32_BIT_CONVERSION = YES;
				GCC_WARN_ABOUT_RETURN_TYPE = YES_ERROR;
				GCC_WARN_UNDECLARED_SELECTOR = YES;
				GCC_WARN_UNINITIALIZED_AUTOS = YES_AGGRESSIVE;
				GCC_WARN_UNUSED_FUNCTION = YES;
				GCC_WARN_UNUSED_VARIABLE = YES;
				IPHONEOS_DEPLOYMENT_TARGET = 14.5;
				MTL_ENABLE_DEBUG_INFO = INCLUDE_SOURCE;
				MTL_FAST_MATH = YES;
				ONLY_ACTIVE_ARCH = YES;
				SDKROOT = iphoneos;
				SWIFT_ACTIVE_COMPILATION_CONDITIONS = DEBUG;
				SWIFT_OPTIMIZATION_LEVEL = "-Onone";
			};
			name = Debug;
		};
		CCAE1D0B26A76AC600A5084F /* Release */ = {
			isa = XCBuildConfiguration;
			buildSettings = {
				ALWAYS_SEARCH_USER_PATHS = NO;
				CLANG_ANALYZER_NONNULL = YES;
				CLANG_ANALYZER_NUMBER_OBJECT_CONVERSION = YES_AGGRESSIVE;
				CLANG_CXX_LANGUAGE_STANDARD = "gnu++14";
				CLANG_CXX_LIBRARY = "libc++";
				CLANG_ENABLE_MODULES = YES;
				CLANG_ENABLE_OBJC_ARC = YES;
				CLANG_ENABLE_OBJC_WEAK = YES;
				CLANG_WARN_BLOCK_CAPTURE_AUTORELEASING = YES;
				CLANG_WARN_BOOL_CONVERSION = YES;
				CLANG_WARN_COMMA = YES;
				CLANG_WARN_CONSTANT_CONVERSION = YES;
				CLANG_WARN_DEPRECATED_OBJC_IMPLEMENTATIONS = YES;
				CLANG_WARN_DIRECT_OBJC_ISA_USAGE = YES_ERROR;
				CLANG_WARN_DOCUMENTATION_COMMENTS = YES;
				CLANG_WARN_EMPTY_BODY = YES;
				CLANG_WARN_ENUM_CONVERSION = YES;
				CLANG_WARN_INFINITE_RECURSION = YES;
				CLANG_WARN_INT_CONVERSION = YES;
				CLANG_WARN_NON_LITERAL_NULL_CONVERSION = YES;
				CLANG_WARN_OBJC_IMPLICIT_RETAIN_SELF = YES;
				CLANG_WARN_OBJC_LITERAL_CONVERSION = YES;
				CLANG_WARN_OBJC_ROOT_CLASS = YES_ERROR;
				CLANG_WARN_QUOTED_INCLUDE_IN_FRAMEWORK_HEADER = YES;
				CLANG_WARN_RANGE_LOOP_ANALYSIS = YES;
				CLANG_WARN_STRICT_PROTOTYPES = YES;
				CLANG_WARN_SUSPICIOUS_MOVE = YES;
				CLANG_WARN_UNGUARDED_AVAILABILITY = YES_AGGRESSIVE;
				CLANG_WARN_UNREACHABLE_CODE = YES;
				CLANG_WARN__DUPLICATE_METHOD_MATCH = YES;
				COPY_PHASE_STRIP = NO;
				DEBUG_INFORMATION_FORMAT = "dwarf-with-dsym";
				ENABLE_NS_ASSERTIONS = NO;
				ENABLE_STRICT_OBJC_MSGSEND = YES;
				GCC_C_LANGUAGE_STANDARD = gnu11;
				GCC_NO_COMMON_BLOCKS = YES;
				GCC_WARN_64_TO_32_BIT_CONVERSION = YES;
				GCC_WARN_ABOUT_RETURN_TYPE = YES_ERROR;
				GCC_WARN_UNDECLARED_SELECTOR = YES;
				GCC_WARN_UNINITIALIZED_AUTOS = YES_AGGRESSIVE;
				GCC_WARN_UNUSED_FUNCTION = YES;
				GCC_WARN_UNUSED_VARIABLE = YES;
				IPHONEOS_DEPLOYMENT_TARGET = 14.5;
				MTL_ENABLE_DEBUG_INFO = NO;
				MTL_FAST_MATH = YES;
				SDKROOT = iphoneos;
				SWIFT_COMPILATION_MODE = wholemodule;
				SWIFT_OPTIMIZATION_LEVEL = "-O";
				VALIDATE_PRODUCT = YES;
			};
			name = Release;
		};
		CCAE1D0D26A76AC600A5084F /* Debug */ = {
			isa = XCBuildConfiguration;
			buildSettings = {
				ASSETCATALOG_COMPILER_APPICON_NAME = AppIcon;
				ASSETCATALOG_COMPILER_GLOBAL_ACCENT_COLOR_NAME = AccentColor;
				CODE_SIGN_STYLE = Automatic;
				INFOPLIST_FILE = finalProject/Info.plist;
				LD_RUNPATH_SEARCH_PATHS = (
					"$(inherited)",
					"@executable_path/Frameworks",
				);
				PRODUCT_BUNDLE_IDENTIFIER = "kwk-2021.finalProject";
				PRODUCT_NAME = "$(TARGET_NAME)";
				SWIFT_VERSION = 5.0;
				TARGETED_DEVICE_FAMILY = "1,2";
			};
			name = Debug;
		};
		CCAE1D0E26A76AC600A5084F /* Release */ = {
			isa = XCBuildConfiguration;
			buildSettings = {
				ASSETCATALOG_COMPILER_APPICON_NAME = AppIcon;
				ASSETCATALOG_COMPILER_GLOBAL_ACCENT_COLOR_NAME = AccentColor;
				CODE_SIGN_STYLE = Automatic;
				INFOPLIST_FILE = finalProject/Info.plist;
				LD_RUNPATH_SEARCH_PATHS = (
					"$(inherited)",
					"@executable_path/Frameworks",
				);
				PRODUCT_BUNDLE_IDENTIFIER = "kwk-2021.finalProject";
				PRODUCT_NAME = "$(TARGET_NAME)";
				SWIFT_VERSION = 5.0;
				TARGETED_DEVICE_FAMILY = "1,2";
			};
			name = Release;
		};
		CCAE1D1026A76AC600A5084F /* Debug */ = {
			isa = XCBuildConfiguration;
			buildSettings = {
				ALWAYS_EMBED_SWIFT_STANDARD_LIBRARIES = YES;
				BUNDLE_LOADER = "$(TEST_HOST)";
				CODE_SIGN_STYLE = Automatic;
				INFOPLIST_FILE = finalProjectTests/Info.plist;
				IPHONEOS_DEPLOYMENT_TARGET = 14.5;
				LD_RUNPATH_SEARCH_PATHS = (
					"$(inherited)",
					"@executable_path/Frameworks",
					"@loader_path/Frameworks",
				);
				PRODUCT_BUNDLE_IDENTIFIER = "kwk-2021.finalProjectTests";
				PRODUCT_NAME = "$(TARGET_NAME)";
				SWIFT_VERSION = 5.0;
				TARGETED_DEVICE_FAMILY = "1,2";
				TEST_HOST = "$(BUILT_PRODUCTS_DIR)/finalProject.app/finalProject";
			};
			name = Debug;
		};
		CCAE1D1126A76AC600A5084F /* Release */ = {
			isa = XCBuildConfiguration;
			buildSettings = {
				ALWAYS_EMBED_SWIFT_STANDARD_LIBRARIES = YES;
				BUNDLE_LOADER = "$(TEST_HOST)";
				CODE_SIGN_STYLE = Automatic;
				INFOPLIST_FILE = finalProjectTests/Info.plist;
				IPHONEOS_DEPLOYMENT_TARGET = 14.5;
				LD_RUNPATH_SEARCH_PATHS = (
					"$(inherited)",
					"@executable_path/Frameworks",
					"@loader_path/Frameworks",
				);
				PRODUCT_BUNDLE_IDENTIFIER = "kwk-2021.finalProjectTests";
				PRODUCT_NAME = "$(TARGET_NAME)";
				SWIFT_VERSION = 5.0;
				TARGETED_DEVICE_FAMILY = "1,2";
				TEST_HOST = "$(BUILT_PRODUCTS_DIR)/finalProject.app/finalProject";
			};
			name = Release;
		};
		CCAE1D1326A76AC600A5084F /* Debug */ = {
			isa = XCBuildConfiguration;
			buildSettings = {
				ALWAYS_EMBED_SWIFT_STANDARD_LIBRARIES = YES;
				CODE_SIGN_STYLE = Automatic;
				INFOPLIST_FILE = finalProjectUITests/Info.plist;
				LD_RUNPATH_SEARCH_PATHS = (
					"$(inherited)",
					"@executable_path/Frameworks",
					"@loader_path/Frameworks",
				);
				PRODUCT_BUNDLE_IDENTIFIER = "kwk-2021.finalProjectUITests";
				PRODUCT_NAME = "$(TARGET_NAME)";
				SWIFT_VERSION = 5.0;
				TARGETED_DEVICE_FAMILY = "1,2";
				TEST_TARGET_NAME = finalProject;
			};
			name = Debug;
		};
		CCAE1D1426A76AC600A5084F /* Release */ = {
			isa = XCBuildConfiguration;
			buildSettings = {
				ALWAYS_EMBED_SWIFT_STANDARD_LIBRARIES = YES;
				CODE_SIGN_STYLE = Automatic;
				INFOPLIST_FILE = finalProjectUITests/Info.plist;
				LD_RUNPATH_SEARCH_PATHS = (
					"$(inherited)",
					"@executable_path/Frameworks",
					"@loader_path/Frameworks",
				);
				PRODUCT_BUNDLE_IDENTIFIER = "kwk-2021.finalProjectUITests";
				PRODUCT_NAME = "$(TARGET_NAME)";
				SWIFT_VERSION = 5.0;
				TARGETED_DEVICE_FAMILY = "1,2";
				TEST_TARGET_NAME = finalProject;
			};
			name = Release;
		};
/* End XCBuildConfiguration section */

/* Begin XCConfigurationList section */
		CCAE1CDA26A76ABE00A5084F /* Build configuration list for PBXProject "finalProject" */ = {
			isa = XCConfigurationList;
			buildConfigurations = (
				CCAE1D0A26A76AC600A5084F /* Debug */,
				CCAE1D0B26A76AC600A5084F /* Release */,
			);
			defaultConfigurationIsVisible = 0;
			defaultConfigurationName = Release;
		};
		CCAE1D0C26A76AC600A5084F /* Build configuration list for PBXNativeTarget "finalProject" */ = {
			isa = XCConfigurationList;
			buildConfigurations = (
				CCAE1D0D26A76AC600A5084F /* Debug */,
				CCAE1D0E26A76AC600A5084F /* Release */,
			);
			defaultConfigurationIsVisible = 0;
			defaultConfigurationName = Release;
		};
		CCAE1D0F26A76AC600A5084F /* Build configuration list for PBXNativeTarget "finalProjectTests" */ = {
			isa = XCConfigurationList;
			buildConfigurations = (
				CCAE1D1026A76AC600A5084F /* Debug */,
				CCAE1D1126A76AC600A5084F /* Release */,
			);
			defaultConfigurationIsVisible = 0;
			defaultConfigurationName = Release;
		};
		CCAE1D1226A76AC600A5084F /* Build configuration list for PBXNativeTarget "finalProjectUITests" */ = {
			isa = XCConfigurationList;
			buildConfigurations = (
				CCAE1D1326A76AC600A5084F /* Debug */,
				CCAE1D1426A76AC600A5084F /* Release */,
			);
			defaultConfigurationIsVisible = 0;
			defaultConfigurationName = Release;
		};
/* End XCConfigurationList section */

/* Begin XCVersionGroup section */
		CCAE1CEB26A76ABE00A5084F /* finalProject.xcdatamodeld */ = {
			isa = XCVersionGroup;
			children = (
				CCAE1CEC26A76ABE00A5084F /* finalProject.xcdatamodel */,
			);
			currentVersion = CCAE1CEC26A76ABE00A5084F /* finalProject.xcdatamodel */;
			path = finalProject.xcdatamodeld;
			sourceTree = "<group>";
			versionGroupType = wrapper.xcdatamodel;
		};
/* End XCVersionGroup section */
	};
	rootObject = CCAE1CD726A76ABE00A5084F /* Project object */;
}
